
Microsoft Visual Studio Solution File, Format Version 12.00
# Visual Studio Version 16
VisualStudioVersion = 16.0.30413.136
MinimumVisualStudioVersion = 10.0.40219.1
Project("{9A19103F-16F7-4668-BE54-9A1E7A4F7556}") = "VideoApp.Web", "VideoApp\VideoApp.Web.csproj", "{0AF59FB1-48A5-41E4-8007-8140C429332B}"
	ProjectSection(ProjectDependencies) = postProject
		{F3156578-8845-4C1A-BE6E-F46E20D93EA3} = {F3156578-8845-4C1A-BE6E-F46E20D93EA3}
	EndProjectSection
EndProject
Project("{9A19103F-16F7-4668-BE54-9A1E7A4F7556}") = "VideoApp.FFmpegUtilities", "FFmpegUtilities\VideoApp.FFmpegUtilities.csproj", "{F3156578-8845-4C1A-BE6E-F46E20D93EA3}"
EndProject
Global
	GlobalSection(SolutionConfigurationPlatforms) = preSolution
		Debug|Any CPU = Debug|Any CPU
		Release|Any CPU = Release|Any CPU
	EndGlobalSection
	GlobalSection(ProjectConfigurationPlatforms) = postSolution
		{0AF59FB1-48A5-41E4-8007-8140C429332B}.Debug|Any CPU.ActiveCfg = Debug|Any CPU
		{0AF59FB1-48A5-41E4-8007-8140C429332B}.Debug|Any CPU.Build.0 = Debug|Any CPU
		{0AF59FB1-48A5-41E4-8007-8140C429332B}.Release|Any CPU.ActiveCfg = Release|Any CPU
		{0AF59FB1-48A5-41E4-8007-8140C429332B}.Release|Any CPU.Build.0 = Release|Any CPU
		{F3156578-8845-4C1A-BE6E-F46E20D93EA3}.Debug|Any CPU.ActiveCfg = Debug|Any CPU
		{F3156578-8845-4C1A-BE6E-F46E20D93EA3}.Debug|Any CPU.Build.0 = Debug|Any CPU
		{F3156578-8845-4C1A-BE6E-F46E20D93EA3}.Release|Any CPU.ActiveCfg = Release|Any CPU
		{F3156578-8845-4C1A-BE6E-F46E20D93EA3}.Release|Any CPU.Build.0 = Release|Any CPU
	EndGlobalSection
	GlobalSection(SolutionProperties) = preSolution
		HideSolutionNode = FALSE
	EndGlobalSection
	GlobalSection(ExtensibilityGlobals) = postSolution
		SolutionGuid = {E96A6C33-2399-4819-998B-052C80FEEB0F}
	EndGlobalSection
EndGlobal
